
Microsoft Visual Studio Solution File, Format Version 12.00
# Visual Studio Version 17
VisualStudioVersion = 17.14.37203.1
MinimumVisualStudioVersion = 10.0.40219.1
Project("{FAE04EC0-301F-11D3-BF4B-00C04F79EFBC}") = "DevoidEngine", "DevoidEngine\DevoidEngine.csproj", "{D646879F-AC01-4E4F-93A9-B0ADEA4A8941}"
EndProject
Project("{FAE04EC0-301F-11D3-BF4B-00C04F79EFBC}") = "Sandbox", "Sandbox\Sandbox.csproj", "{7B5100B8-435A-4C75-8058-73A1C2794510}"
EndProject
Project("{FAE04EC0-301F-11D3-BF4B-00C04F79EFBC}") = "DevoidGPU", "DevoidGPU\DevoidGPU.csproj", "{3940C21F-82DC-407B-AA2D-528C9E12782F}"
EndProject
Global
	GlobalSection(SolutionConfigurationPlatforms) = preSolution
		Debug|Any CPU = Debug|Any CPU
		Release|Any CPU = Release|Any CPU
	EndGlobalSection
	GlobalSection(ProjectConfigurationPlatforms) = postSolution
		{D646879F-AC01-4E4F-93A9-B0ADEA4A8941}.Debug|Any CPU.ActiveCfg = Debug|Any CPU
		{D646879F-AC01-4E4F-93A9-B0ADEA4A8941}.Debug|Any CPU.Build.0 = Debug|Any CPU
		{D646879F-AC01-4E4F-93A9-B0ADEA4A8941}.Release|Any CPU.ActiveCfg = Release|Any CPU
		{D646879F-AC01-4E4F-93A9-B0ADEA4A8941}.Release|Any CPU.Build.0 = Release|Any CPU
		{7B5100B8-435A-4C75-8058-73A1C2794510}.Debug|Any CPU.ActiveCfg = Debug|Any CPU
		{7B5100B8-435A-4C75-8058-73A1C2794510}.Debug|Any CPU.Build.0 = Debug|Any CPU
		{7B5100B8-435A-4C75-8058-73A1C2794510}.Release|Any CPU.ActiveCfg = Release|Any CPU
		{7B5100B8-435A-4C75-8058-73A1C2794510}.Release|Any CPU.Build.0 = Release|Any CPU
		{3940C21F-82DC-407B-AA2D-528C9E12782F}.Debug|Any CPU.ActiveCfg = Debug|Any CPU
		{3940C21F-82DC-407B-AA2D-528C9E12782F}.Debug|Any CPU.Build.0 = Debug|Any CPU
		{3940C21F-82DC-407B-AA2D-528C9E12782F}.Release|Any CPU.ActiveCfg = Release|Any CPU
		{3940C21F-82DC-407B-AA2D-528C9E12782F}.Release|Any CPU.Build.0 = Release|Any CPU
	EndGlobalSection
	GlobalSection(SolutionProperties) = preSolution
		HideSolutionNode = FALSE
	EndGlobalSection
	GlobalSection(ExtensibilityGlobals) = postSolution
		SolutionGuid = {B5172825-6738-4F04-A08C-42817E1ED5B7}
	EndGlobalSection
EndGlobal
